// !$*UTF8*$!
{
	archiveVersion = 1;
	classes = {
	};
	objectVersion = 46;
	objects = {

/* Begin PBXBuildFile section */
		26D18ABB1F24676D001AB2E9 /* AppDelegate.swift in Sources */ = {isa = PBXBuildFile; fileRef = 26D18ABA1F24676D001AB2E9 /* AppDelegate.swift */; };
		26D18ABD1F24676D001AB2E9 /* ViewController.swift in Sources */ = {isa = PBXBuildFile; fileRef = 26D18ABC1F24676D001AB2E9 /* ViewController.swift */; };
		26D18AC01F24676D001AB2E9 /* Main.storyboard in Resources */ = {isa = PBXBuildFile; fileRef = 26D18ABE1F24676D001AB2E9 /* Main.storyboard */; };
		26D18AC21F24676D001AB2E9 /* Assets.xcassets in Resources */ = {isa = PBXBuildFile; fileRef = 26D18AC11F24676D001AB2E9 /* Assets.xcassets */; };
		26D18AC51F24676D001AB2E9 /* LaunchScreen.storyboard in Resources */ = {isa = PBXBuildFile; fileRef = 26D18AC31F24676D001AB2E9 /* LaunchScreen.storyboard */; };
		26F945931F247A6E00051E87 /* RCSDRouterManager.swift in Sources */ = {isa = PBXBuildFile; fileRef = 26F945921F247A6E00051E87 /* RCSDRouterManager.swift */; };
/* End PBXBuildFile section */

/* Begin PBXFileReference section */
		26D18AB71F24676D001AB2E9 /* RCSDRouter.app */ = {isa = PBXFileReference; explicitFileType = wrapper.application; includeInIndex = 0; path = RCSDRouter.app; sourceTree = BUILT_PRODUCTS_DIR; };
		26D18ABA1F24676D001AB2E9 /* AppDelegate.swift */ = {isa = PBXFileReference; lastKnownFileType = sourcecode.swift; path = AppDelegate.swift; sourceTree = "<group>"; };
		26D18ABC1F24676D001AB2E9 /* ViewController.swift */ = {isa = PBXFileReference; lastKnownFileType = sourcecode.swift; path = ViewController.swift; sourceTree = "<group>"; };
		26D18ABF1F24676D001AB2E9 /* Base */ = {isa = PBXFileReference; lastKnownFileType = file.storyboard; name = Base; path = Base.lproj/Main.storyboard; sourceTree = "<group>"; };
		26D18AC11F24676D001AB2E9 /* Assets.xcassets */ = {isa = PBXFileReference; lastKnownFileType = folder.assetcatalog; path = Assets.xcassets; sourceTree = "<group>"; };
		26D18AC41F24676D001AB2E9 /* Base */ = {isa = PBXFileReference; lastKnownFileType = file.storyboard; name = Base; path = Base.lproj/LaunchScreen.storyboard; sourceTree = "<group>"; };
		26D18AC61F24676D001AB2E9 /* Info.plist */ = {isa = PBXFileReference; lastKnownFileType = text.plist.xml; path = Info.plist; sourceTree = "<group>"; };
		26F945921F247A6E00051E87 /* RCSDRouterManager.swift */ = {isa = PBXFileReference; fileEncoding = 4; lastKnownFileType = sourcecode.swift; path = RCSDRouterManager.swift; sourceTree = "<group>"; };
/* End PBXFileReference section */

/* Begin PBXFrameworksBuildPhase section */
		26D18AB41F24676D001AB2E9 /* Frameworks */ = {
			isa = PBXFrameworksBuildPhase;
			buildActionMask = 2147483647;
			files = (
			);
			runOnlyForDeploymentPostprocessing = 0;
		};
/* End PBXFrameworksBuildPhase section */

/* Begin PBXGroup section */
		26D18AAE1F24676D001AB2E9 = {
			isa = PBXGroup;
			children = (
				26D18AB91F24676D001AB2E9 /* RCSDRouter */,
				26D18AB81F24676D001AB2E9 /* Products */,
			);
			sourceTree = "<group>";
		};
		26D18AB81F24676D001AB2E9 /* Products */ = {
			isa = PBXGroup;
			children = (
				26D18AB71F24676D001AB2E9 /* RCSDRouter.app */,
			);
			name = Products;
			sourceTree = "<group>";
		};
		26D18AB91F24676D001AB2E9 /* RCSDRouter */ = {
			isa = PBXGroup;
			children = (
				26F945911F247A6E00051E87 /* RCSDRouterManager */,
				26D18ABA1F24676D001AB2E9 /* AppDelegate.swift */,
				26D18ABC1F24676D001AB2E9 /* ViewController.swift */,
				26D18ABE1F24676D001AB2E9 /* Main.storyboard */,
				26D18AC11F24676D001AB2E9 /* Assets.xcassets */,
				26D18AC31F24676D001AB2E9 /* LaunchScreen.storyboard */,
				26D18AC61F24676D001AB2E9 /* Info.plist */,
			);
			path = RCSDRouter;
			sourceTree = "<group>";
		};
		26F945911F247A6E00051E87 /* RCSDRouterManager */ = {
			isa = PBXGroup;
			children = (
				26F945921F247A6E00051E87 /* RCSDRouterManager.swift */,
			);
			path = RCSDRouterManager;
			sourceTree = "<group>";
		};
/* End PBXGroup section */

/* Begin PBXNativeTarget section */
		26D18AB61F24676D001AB2E9 /* RCSDRouter */ = {
			isa = PBXNativeTarget;
			buildConfigurationList = 26D18AC91F24676D001AB2E9 /* Build configuration list for PBXNativeTarget "RCSDRouter" */;
			buildPhases = (
				26D18AB31F24676D001AB2E9 /* Sources */,
				26D18AB41F24676D001AB2E9 /* Frameworks */,
				26D18AB51F24676D001AB2E9 /* Resources */,
			);
			buildRules = (
			);
			dependencies = (
			);
			name = RCSDRouter;
			productName = RCSDRouter;
			productReference = 26D18AB71F24676D001AB2E9 /* RCSDRouter.app */;
			productType = "com.apple.product-type.application";
		};
/* End PBXNativeTarget section */

/* Begin PBXProject section */
		26D18AAF1F24676D001AB2E9 /* Project object */ = {
			isa = PBXProject;
			attributes = {
				LastSwiftUpdateCheck = 0830;
				LastUpgradeCheck = 0830;
				ORGANIZATIONNAME = bg;
				TargetAttributes = {
					26D18AB61F24676D001AB2E9 = {
						CreatedOnToolsVersion = 8.3.3;
						ProvisioningStyle = Automatic;
					};
				};
			};
			buildConfigurationList = 26D18AB21F24676D001AB2E9 /* Build configuration list for PBXProject "RCSDRouter" */;
			compatibilityVersion = "Xcode 3.2";
			developmentRegion = English;
			hasScannedForEncodings = 0;
			knownRegions = (
				en,
				Base,
			);
			mainGroup = 26D18AAE1F24676D001AB2E9;
			productRefGroup = 26D18AB81F24676D001AB2E9 /* Products */;
			projectDirPath = "";
			projectRoot = "";
			targets = (
				26D18AB61F24676D001AB2E9 /* RCSDRouter */,
			);
		};
/* End PBXProject section */

/* Begin PBXResourcesBuildPhase section */
		26D18AB51F24676D001AB2E9 /* Resources */ = {
			isa = PBXResourcesBuildPhase;
			buildActionMask = 2147483647;
			files = (
				26D18AC51F24676D001AB2E9 /* LaunchScreen.storyboard in Resources */,
				26D18AC21F24676D001AB2E9 /* Assets.xcassets in Resources */,
				26D18AC01F24676D001AB2E9 /* Main.storyboard in Resources */,
			);
			runOnlyForDeploymentPostprocessing = 0;
		};
/* End PBXResourcesBuildPhase section */

/* Begin PBXSourcesBuildPhase section */
		26D18AB31F24676D001AB2E9 /* Sources */ = {
			isa = PBXSourcesBuildPhase;
			buildActionMask = 2147483647;
			files = (
				26D18ABD1F24676D001AB2E9 /* ViewController.swift in Sources */,
				26F945931F247A6E00051E87 /* RCSDRouterManager.swift in Sources */,
				26D18ABB1F24676D001AB2E9 /* AppDelegate.swift in Sources */,
			);
			runOnlyForDeploymentPostprocessing = 0;
		};
/* End PBXSourcesBuildPhase section */

/* Begin PBXVariantGroup section */
		26D18ABE1F24676D001AB2E9 /* Main.storyboard */ = {
			isa = PBXVariantGroup;
			children = (
				26D18ABF1F24676D001AB2E9 /* Base */,
			);
			name = Main.storyboard;
			sourceTree = "<group>";
		};
		26D18AC31F24676D001AB2E9 /* LaunchScreen.storyboard */ = {
			isa = PBXVariantGroup;
			children = (
				26D18AC41F24676D001AB2E9 /* Base */,
			);
			name = LaunchScreen.storyboard;
			sourceTree = "<group>";
		};
/* End PBXVariantGroup section */

/* Begin XCBuildConfiguration section */
		26D18AC71F24676D001AB2E9 /* Debug */ = {
			isa = XCBuildConfiguration;
			buildSettings = {
				ALWAYS_SEARCH_USER_PATHS = NO;
				CLANG_ANALYZER_NONNULL = YES;
				CLANG_ANALYZER_NUMBER_OBJECT_CONVERSION = YES_AGGRESSIVE;
				CLANG_CXX_LANGUAGE_STANDARD = "gnu++0x";
				CLANG_CXX_LIBRARY = "libc++";
				CLANG_ENABLE_MODULES = YES;
				CLANG_ENABLE_OBJC_ARC = YES;
				CLANG_WARN_BOOL_CONVERSION = YES;
				CLANG_WARN_CONSTANT_CONVERSION = YES;
				CLANG_WARN_DIRECT_OBJC_ISA_USAGE = YES_ERROR;
				CLANG_WARN_DOCUMENTATION_COMMENTS = YES;
				CLANG_WARN_EMPTY_BODY = YES;
				CLANG_WARN_ENUM_CONVERSION = YES;
				CLANG_WARN_INFINITE_RECURSION = YES;
				CLANG_WARN_INT_CONVERSION = YES;
				CLANG_WARN_OBJC_ROOT_CLASS = YES_ERROR;
				CLANG_WARN_SUSPICIOUS_MOVE = YES;
				CLANG_WARN_UNREACHABLE_CODE = YES;
				CLANG_WARN__DUPLICATE_METHOD_MATCH = YES;
				"CODE_SIGN_IDENTITY[sdk=iphoneos*]" = "iPhone Developer";
				COPY_PHASE_STRIP = NO;
				DEBUG_INFORMATION_FORMAT = dwarf;
				ENABLE_STRICT_OBJC_MSGSEND = YES;
				ENABLE_TESTABILITY = YES;
				GCC_C_LANGUAGE_STANDARD = gnu99;
				GCC_DYNAMIC_NO_PIC = NO;
				GCC_NO_COMMON_BLOCKS = YES;
				GCC_OPTIMIZATION_LEVEL = 0;
				GCC_PREPROCESSOR_DEFINITIONS = (
					"DEBUG=1",
					"$(inherited)",
				);
				GCC_WARN_64_TO_32_BIT_CONVERSION = YES;
				GCC_WARN_ABOUT_RETURN_TYPE = YES_ERROR;
				GCC_WARN_UNDECLARED_SELECTOR = YES;
				GCC_WARN_UNINITIALIZED_AUTOS = YES_AGGRESSIVE;
				GCC_WARN_UNUSED_FUNCTION = YES;
				GCC_WARN_UNUSED_VARIABLE = YES;
				IPHONEOS_DEPLOYMENT_TARGET = 10.3;
				MTL_ENABLE_DEBUG_INFO = YES;
				ONLY_ACTIVE_ARCH = YES;
				SDKROOT = iphoneos;
				SWIFT_ACTIVE_COMPILATION_CONDITIONS = DEBUG;
				SWIFT_OPTIMIZATION_LEVEL = "-Onone";
				TARGETED_DEVICE_FAMILY = "1,2";
			};
			name = Debug;
		};
		26D18AC81F24676D001AB2E9 /* Release */ = {
			isa = XCBuildConfiguration;
			buildSettings = {
				ALWAYS_SEARCH_USER_PATHS = NO;
				CLANG_ANALYZER_NONNULL = YES;
				CLANG_ANALYZER_NUMBER_OBJECT_CONVERSION = YES_AGGRESSIVE;
				CLANG_CXX_LANGUAGE_STANDARD = "gnu++0x";
				CLANG_CXX_LIBRARY = "libc++";
				CLANG_ENABLE_MODULES = YES;
				CLANG_ENABLE_OBJC_ARC = YES;
				CLANG_WARN_BOOL_CONVERSION = YES;
				CLANG_WARN_CONSTANT_CONVERSION = YES;
				CLANG_WARN_DIRECT_OBJC_ISA_USAGE = YES_ERROR;
				CLANG_WARN_DOCUMENTATION_COMMENTS = YES;
				CLANG_WARN_EMPTY_BODY = YES;
				CLANG_WARN_ENUM_CONVERSION = YES;
				CLANG_WARN_INFINITE_RECURSION = YES;
				CLANG_WARN_INT_CONVERSION = YES;
				CLANG_WARN_OBJC_ROOT_CLASS = YES_ERROR;
				CLANG_WARN_SUSPICIOUS_MOVE = YES;
				CLANG_WARN_UNREACHABLE_CODE = YES;
				CLANG_WARN__DUPLICATE_METHOD_MATCH = YES;
				"CODE_SIGN_IDENTITY[sdk=iphoneos*]" = "iPhone Developer";
				COPY_PHASE_STRIP = NO;
				DEBUG_INFORMATION_FORMAT = "dwarf-with-dsym";
				ENABLE_NS_ASSERTIONS = NO;
				ENABLE_STRICT_OBJC_MSGSEND = YES;
				GCC_C_LANGUAGE_STANDARD = gnu99;
				GCC_NO_COMMON_BLOCKS = YES;
				GCC_WARN_64_TO_32_BIT_CONVERSION = YES;
				GCC_WARN_ABOUT_RETURN_TYPE = YES_ERROR;
				GCC_WARN_UNDECLARED_SELECTOR = YES;
				GCC_WARN_UNINITIALIZED_AUTOS = YES_AGGRESSIVE;
				GCC_WARN_UNUSED_FUNCTION = YES;
				GCC_WARN_UNUSED_VARIABLE = YES;
				IPHONEOS_DEPLOYMENT_TARGET = 10.3;
				MTL_ENABLE_DEBUG_INFO = NO;
				SDKROOT = iphoneos;
				SWIFT_OPTIMIZATION_LEVEL = "-Owholemodule";
				TARGETED_DEVICE_FAMILY = "1,2";
				VALIDATE_PRODUCT = YES;
			};
			name = Release;
		};
		26D18ACA1F24676D001AB2E9 /* Debug */ = {
			isa = XCBuildConfiguration;
			buildSettings = {
				ASSETCATALOG_COMPILER_APPICON_NAME = AppIcon;
				INFOPLIST_FILE = RCSDRouter/Info.plist;
				LD_RUNPATH_SEARCH_PATHS = "$(inherited) @executable_path/Frameworks";
				PRODUCT_BUNDLE_IDENTIFIER = com.bg.RCSDRouter;
				PRODUCT_NAME = "$(TARGET_NAME)";
				SWIFT_VERSION = 3.0;
			};
			name = Debug;
		};
		26D18ACB1F24676D001AB2E9 /* Release */ = {
			isa = XCBuildConfiguration;
			buildSettings = {
				ASSETCATALOG_COMPILER_APPICON_NAME = AppIcon;
				INFOPLIST_FILE = RCSDRouter/Info.plist;
				LD_RUNPATH_SEARCH_PATHS = "$(inherited) @executable_path/Frameworks";
				PRODUCT_BUNDLE_IDENTIFIER = com.bg.RCSDRouter;
				PRODUCT_NAME = "$(TARGET_NAME)";
				SWIFT_VERSION = 3.0;
			};
			name = Release;
		};
/* End XCBuildConfiguration section */

/* Begin XCConfigurationList section */
		26D18AB21F24676D001AB2E9 /* Build configuration list for PBXProject "RCSDRouter" */ = {
			isa = XCConfigurationList;
			buildConfigurations = (
				26D18AC71F24676D001AB2E9 /* Debug */,
				26D18AC81F24676D001AB2E9 /* Release */,
			);
			defaultConfigurationIsVisible = 0;
			defaultConfigurationName = Release;
		};
		26D18AC91F24676D001AB2E9 /* Build configuration list for PBXNativeTarget "RCSDRouter" */ = {
			isa = XCConfigurationList;
			buildConfigurations = (
				26D18ACA1F24676D001AB2E9 /* Debug */,
				26D18ACB1F24676D001AB2E9 /* Release */,
			);
			defaultConfigurationIsVisible = 0;
			defaultConfigurationName = Release;
		};
/* End XCConfigurationList section */
	};
	rootObject = 26D18AAF1F24676D001AB2E9 /* Project object */;
}
